
Microsoft Visual Studio Solution File, Format Version 12.00
# Visual Studio Version 17
VisualStudioVersion = 17.0.31903.59
MinimumVisualStudioVersion = 10.0.40219.1
Project("{FAE04EC0-301F-11D3-BF4B-00C04F79EFBC}") = "API", "API\API.csproj", "{4618C9DB-363F-4711-9F80-EC14305AC136}"
EndProject
Project("{FAE04EC0-301F-11D3-BF4B-00C04F79EFBC}") = "Core", "Core\Core.csproj", "{299883A8-83C3-4436-BDDC-59FA9BCE8ED9}"
EndProject
Project("{FAE04EC0-301F-11D3-BF4B-00C04F79EFBC}") = "Infrastructure", "Infrastructure\Infrastructure.csproj", "{9B54D2B0-7BB5-4303-822D-0BD047621C95}"
EndProject
Global
	GlobalSection(SolutionConfigurationPlatforms) = preSolution
		Debug|Any CPU = Debug|Any CPU
		Release|Any CPU = Release|Any CPU
	EndGlobalSection
	GlobalSection(SolutionProperties) = preSolution
		HideSolutionNode = FALSE
	EndGlobalSection
	GlobalSection(ProjectConfigurationPlatforms) = postSolution
		{4618C9DB-363F-4711-9F80-EC14305AC136}.Debug|Any CPU.ActiveCfg = Debug|Any CPU
		{4618C9DB-363F-4711-9F80-EC14305AC136}.Debug|Any CPU.Build.0 = Debug|Any CPU
		{4618C9DB-363F-4711-9F80-EC14305AC136}.Release|Any CPU.ActiveCfg = Release|Any CPU
		{4618C9DB-363F-4711-9F80-EC14305AC136}.Release|Any CPU.Build.0 = Release|Any CPU
		{299883A8-83C3-4436-BDDC-59FA9BCE8ED9}.Debug|Any CPU.ActiveCfg = Debug|Any CPU
		{299883A8-83C3-4436-BDDC-59FA9BCE8ED9}.Debug|Any CPU.Build.0 = Debug|Any CPU
		{299883A8-83C3-4436-BDDC-59FA9BCE8ED9}.Release|Any CPU.ActiveCfg = Release|Any CPU
		{299883A8-83C3-4436-BDDC-59FA9BCE8ED9}.Release|Any CPU.Build.0 = Release|Any CPU
		{9B54D2B0-7BB5-4303-822D-0BD047621C95}.Debug|Any CPU.ActiveCfg = Debug|Any CPU
		{9B54D2B0-7BB5-4303-822D-0BD047621C95}.Debug|Any CPU.Build.0 = Debug|Any CPU
		{9B54D2B0-7BB5-4303-822D-0BD047621C95}.Release|Any CPU.ActiveCfg = Release|Any CPU
		{9B54D2B0-7BB5-4303-822D-0BD047621C95}.Release|Any CPU.Build.0 = Release|Any CPU
	EndGlobalSection
EndGlobal
